<?xml version="1.0" encoding="UTF-8" standalone="yes" ?>
<CodeBlocks_project_file>
	<FileVersion major="1" minor="6" />
	<Project>
		<Option title="Client" />
		<Option pch_mode="2" />
		<Option compiler="gcc" />
		<Build>
			<Target title="Debug">
				<Option output="bin/Debug/Client" prefix_auto="1" extension_auto="1" />
				<Option object_output="obj/Debug/" />
				<Option type="1" />
				<Option compiler="gcc" />
				<Compiler>
					<Add option="-g" />
					<Add option="-D_DEBUG" />
				</Compiler>
				<Linker>
					<Add library="../allegro/lib/liballegro-5.0.10-monolith-md-debug.a" />
					<Add library="../GameShared/bin/Debug/libGameShared.a" />
				</Linker>
			</Target>
			<Target title="Release">
				<Option output="bin/Release/Client" prefix_auto="1" extension_auto="1" />
				<Option object_output="obj/Release/" />
				<Option type="1" />
				<Option compiler="gcc" />
				<Compiler>
					<Add option="-O2" />
				</Compiler>
				<Linker>
					<Add option="-s" />
					<Add library="../allegro/lib/liballegro-5.0.10-monolith-md.a" />
					<Add library="../GameShared/bin/Release/libGameShared.a" />
				</Linker>
			</Target>
		</Build>
		<Compiler>
			<Add option="-Wall" />
			<Add option="-std=c++11" />
			<Add directory=".." />
			<Add directory="../allegro/include" />
		</Compiler>
		<Unit filename="bitmapservice.cpp" />
		<Unit filename="bitmapservice.hpp" />
		<Unit filename="client.cpp" />
		<Unit filename="client.hpp" />
		<Unit filename="color3.hpp" />
		<Unit filename="fontservice.cpp" />
		<Unit filename="fontservice.hpp" />
		<Unit filename="game.cpp" />
		<Unit filename="game.hpp" />
		<Unit filename="gamestate.hpp" />
		<Unit filename="gamestateaccountcreation.cpp" />
		<Unit filename="gamestateaccountcreation.hpp" />
		<Unit filename="gamestateaccountcreationmake.cpp" />
		<Unit filename="gamestateaccountcreationmake.h" />
		<Unit filename="gamestatecharacterview.cpp" />
		<Unit filename="gamestatecharacterview.hpp" />
		<Unit filename="gamestatecharacterviewmake.cpp" />
		<Unit filename="gamestatecharacterviewmake.hpp" />
		<Unit filename="gamestateinit.cpp" />
		<Unit filename="gamestateinit.hpp" />
		<Unit filename="gamestatequit.cpp" />
		<Unit filename="gamestatequit.hpp" />
		<Unit filename="gamestateserverconnect.cpp" />
		<Unit filename="gamestateserverconnect.hpp" />
		<Unit filename="gamestatetitle.cpp" />
		<Unit filename="gamestatetitle.hpp" />
		<Unit filename="gamestatetitlemake.cpp" />
		<Unit filename="gamestatetitlemake.hpp" />
		<Unit filename="guibase.cpp" />
		<Unit filename="guibase.hpp" />
		<Unit filename="guibutton.cpp" />
		<Unit filename="guibutton.hpp" />
		<Unit filename="guiframe.cpp" />
		<Unit filename="guiframe.hpp" />
		<Unit filename="guiscreen.cpp" />
		<Unit filename="guiscreen.hpp" />
		<Unit filename="guiselectionservice.cpp" />
		<Unit filename="guiselectionservice.hpp" />
		<Unit filename="guitextbox.cpp" />
		<Unit filename="guitextbox.hpp" />
		<Unit filename="guitextbutton.cpp" />
		<Unit filename="guitextbutton.hpp" />
		<Unit filename="main.cpp" />
		<Unit filename="observer.hpp" />
		<Extensions>
			<code_completion />
			<envvars />
			<debugger />
			<lib_finder disable_auto="1" />
		</Extensions>
	</Project>
</CodeBlocks_project_file>
