<?xml version="1.0" encoding="UTF-8" standalone="yes" ?>
<CodeBlocks_project_file>
	<FileVersion major="1" minor="6" />
	<Project>
		<Option title="GameWorld" />
		<Option pch_mode="2" />
		<Option compiler="gcc" />
		<Build>
			<Target title="Debug">
				<Option output="bin/Debug/GameWorld" imp_lib="$(TARGET_OUTPUT_DIR)$(TARGET_OUTPUT_BASENAME).a" def_file="$(TARGET_OUTPUT_DIR)$(TARGET_OUTPUT_BASENAME).def" prefix_auto="1" extension_auto="1" />
				<Option object_output="obj/Debug/" />
				<Option type="3" />
				<Option compiler="gcc" />
				<Option createDefFile="1" />
				<Option createStaticLib="1" />
				<Compiler>
					<Add option="-Wall" />
					<Add option="-g" />
					<Add option="-DBUILD_DLL" />
					<Add option="-DWINDOWS" />
				</Compiler>
				<Linker>
					<Add library="user32" />
					<Add library="../GameUtil/bin/Debug/libGameUtil.a" />
				</Linker>
				<ExtraCommands>
					<Add after='cmd /c copy &quot;$(PROJECT_DIR)$(TARGET_OUTPUT_FILE)&quot; &quot;$(PROJECT_DIR)..\Client\bin\$(TARGET_NAME)&quot;' />
					<Add after='cmd /c copy &quot;$(PROJECT_DIR)$(TARGET_OUTPUT_FILE)&quot; &quot;$(PROJECT_DIR)..\Server\bin\$(TARGET_NAME)&quot;' />
				</ExtraCommands>
			</Target>
			<Target title="Release">
				<Option output="bin/Release/GameWorld" prefix_auto="1" extension_auto="1" />
				<Option object_output="obj/Release/" />
				<Option type="3" />
				<Option compiler="gcc" />
				<Option createDefFile="1" />
				<Option createStaticLib="1" />
				<Compiler>
					<Add option="-O2" />
					<Add option="-Wall" />
					<Add option="-DBUILD_DLL" />
					<Add option="-DWINDOWS" />
				</Compiler>
				<Linker>
					<Add option="-s" />
					<Add library="user32" />
					<Add library="../GameUtil/bin/Release/libGameUtil.a" />
				</Linker>
				<ExtraCommands>
					<Add after='cmd /c copy &quot;$(PROJECT_DIR)$(TARGET_OUTPUT_FILE)&quot; &quot;$(PROJECT_DIR)..\Client\bin\$(TARGET_NAME)&quot;' />
					<Add after='cmd /c copy &quot;$(PROJECT_DIR)$(TARGET_OUTPUT_FILE)&quot; &quot;$(PROJECT_DIR)..\Server\bin\$(TARGET_NAME)&quot;' />
				</ExtraCommands>
			</Target>
			<Target title="Linux">
				<Option output="GameWorld" prefix_auto="1" extension_auto="1" />
				<Option object_output="obj/Linux/" />
				<Option type="3" />
				<Option compiler="gcc" />
				<Option createDefFile="1" />
				<Option createStaticLib="1" />
				<Compiler>
					<Add option="-O2" />
					<Add option="-Wall" />
					<Add option="-fPIC" />
				</Compiler>
				<Linker>
					<Add option="-s" />
					<Add library="./libGameUtil.so" />
				</Linker>
				<ExtraCommands>
					<Add after="cp libGameWorld.so ../Client/libGameWorld.so" />
					<Add after="cp libGameWorld.so ../Server/libGameWorld.so" />
					<Mode after="always" />
				</ExtraCommands>
			</Target>
		</Build>
		<Compiler>
			<Add option="-Wnon-virtual-dtor" />
			<Add option="-Winit-self" />
			<Add option="-Wredundant-decls" />
			<Add option="-Wall" />
			<Add option="-std=c++11" />
			<Add directory=".." />
		</Compiler>
		<Unit filename="actor.cpp" />
		<Unit filename="actor.hpp" />
		<Unit filename="actormanager.hpp" />
		<Unit filename="actorstate.hpp" />
		<Unit filename="actorstateattack.cpp" />
		<Unit filename="actorstatedead.cpp" />
		<Unit filename="actorstaterevive.cpp" />
		<Unit filename="actorstatestand.cpp" />
		<Unit filename="actorstateturn.cpp" />
		<Unit filename="actorstatewalk.cpp" />
		<Unit filename="character.cpp" />
		<Unit filename="character.hpp" />
		<Unit filename="main.cpp" />
		<Unit filename="main.h" />
		<Unit filename="map.cpp" />
		<Unit filename="map.hpp" />
		<Unit filename="mapfile.cpp" />
		<Unit filename="mapfile.hpp" />
		<Unit filename="mapmanager.hpp" />
		<Unit filename="maptile.cpp" />
		<Unit filename="maptile.hpp" />
		<Unit filename="mapwarp.hpp" />
		<Unit filename="mapwarpbase.cpp" />
		<Unit filename="mapwarpregular.cpp" />
		<Unit filename="mapwarpregular.hpp" />
		<Extensions />
	</Project>
</CodeBlocks_project_file>
