<?xml version="1.0" encoding="UTF-8" standalone="yes" ?>
<CodeBlocks_project_file>
	<FileVersion major="1" minor="6" />
	<Project>
		<Option title="Server" />
		<Option pch_mode="2" />
		<Option compiler="gcc" />
		<Build>
			<Target title="Debug">
				<Option output="bin/Debug/Server" prefix_auto="1" extension_auto="1" />
				<Option object_output="obj/Debug/" />
				<Option type="1" />
				<Option compiler="gcc" />
				<Compiler>
					<Add option="-g" />
					<Add directory="include" />
					<Add directory="../Server" />
				</Compiler>
				<Linker>
					<Add library="../GameNetwork/bin/Debug/libGameNetwork.a" />
					<Add library="odbc32" />
					<Add library="../GameWorld/bin/Debug/libGameWorld.a" />
					<Add library="../GameUtil/bin/Debug/libGameUtil.a" />
				</Linker>
			</Target>
			<Target title="Release">
				<Option output="bin/Release/Server" prefix_auto="1" extension_auto="1" />
				<Option object_output="obj/Release/" />
				<Option type="1" />
				<Option compiler="gcc" />
				<Compiler>
					<Add option="-O2" />
					<Add directory="include" />
					<Add directory="../Server" />
				</Compiler>
				<Linker>
					<Add option="-s" />
					<Add library="../GameNetwork/bin/Release/libGameNetwork.a" />
					<Add library="odbc32" />
					<Add library="../GameWorld/bin/Release/libGameWorld.a" />
					<Add library="../GameUtil/bin/Release/libGameUtil.a" />
				</Linker>
			</Target>
		</Build>
		<Compiler>
			<Add option="-Wnon-virtual-dtor" />
			<Add option="-Winit-self" />
			<Add option="-Wredundant-decls" />
			<Add option="-Wall" />
			<Add option="-std=c++11" />
			<Add directory=".." />
		</Compiler>
		<Unit filename="account.cpp" />
		<Unit filename="account.hpp" />
		<Unit filename="accountservice.cpp" />
		<Unit filename="accountservice.hpp" />
		<Unit filename="clientconnection.cpp" />
		<Unit filename="clientconnection.hpp" />
		<Unit filename="clientstate.hpp" />
		<Unit filename="clientstatebase.cpp" />
		<Unit filename="clientstateinit.cpp" />
		<Unit filename="clientstateloggedin.cpp" />
		<Unit filename="clientstatenologin.cpp" />
		<Unit filename="clientstateplaying.cpp" />
		<Unit filename="database.cpp" />
		<Unit filename="database.hpp" />
		<Unit filename="main.cpp" />
		<Unit filename="server.cpp" />
		<Unit filename="server.hpp" />
		<Unit filename="world.cpp" />
		<Unit filename="world.hpp" />
		<Extensions>
			<code_completion />
			<envvars />
			<debugger />
		</Extensions>
	</Project>
</CodeBlocks_project_file>
