<?xml version="1.0" encoding="UTF-8" standalone="yes" ?>
<CodeBlocks_project_file>
	<FileVersion major="1" minor="6" />
	<Project>
		<Option title="Server" />
		<Option pch_mode="2" />
		<Option compiler="gcc" />
		<Build>
			<Target title="Debug">
				<Option output="bin/Debug/Server" prefix_auto="1" extension_auto="1" />
				<Option object_output="obj/Debug/" />
				<Option type="1" />
				<Option compiler="gcc" />
				<Compiler>
					<Add option="-g" />
					<Add directory="include" />
					<Add directory="../Server" />
				</Compiler>
				<Linker>
					<Add library="../GameShared/bin/Debug/libGameShared.a" />
					<Add library="odbc32" />
				</Linker>
			</Target>
			<Target title="Release">
				<Option output="bin/Release/Server" prefix_auto="1" extension_auto="1" />
				<Option object_output="obj/Release/" />
				<Option type="1" />
				<Option compiler="gcc" />
				<Compiler>
					<Add option="-O2" />
					<Add directory="include" />
					<Add directory="../Server" />
				</Compiler>
				<Linker>
					<Add option="-s" />
					<Add library="../GameShared/bin/Release/libGameShared.a" />
					<Add library="odbc32" />
				</Linker>
			</Target>
		</Build>
		<Compiler>
			<Add option="-Wall" />
			<Add option="-std=c++11" />
			<Add directory=".." />
		</Compiler>
		<Unit filename="DB_Bridge.cpp" />
		<Unit filename="DB_Bridge.h" />
		<Unit filename="Player.cpp" />
		<Unit filename="Player.h" />
		<Unit filename="clientconnection.cpp" />
		<Unit filename="clientconnection.hpp" />
		<Unit filename="main.cpp" />
		<Unit filename="server.cpp" />
		<Unit filename="server.hpp" />
		<Extensions>
			<code_completion />
			<envvars />
			<debugger />
		</Extensions>
	</Project>
</CodeBlocks_project_file>
