<?xml version="1.0" encoding="UTF-8" standalone="yes" ?>
<CodeBlocks_project_file>
	<FileVersion major="1" minor="6" />
	<Project>
		<Option title="GameGui" />
		<Option pch_mode="2" />
		<Option compiler="gcc" />
		<Build>
			<Target title="Debug">
				<Option output="bin/Debug/GameGui" prefix_auto="1" extension_auto="1" />
				<Option object_output="obj/Debug/" />
				<Option type="3" />
				<Option compiler="gcc" />
				<Option createDefFile="1" />
				<Option createStaticLib="1" />
				<Compiler>
					<Add option="-Wall" />
					<Add option="-g" />
					<Add option="-DBUILD_DLL" />
					<Add option="-DWINDOWS" />
				</Compiler>
				<Linker>
					<Add library="user32" />
					<Add library="../allegro/lib/liballegro_monolith-debug.dll.a" />
					<Add library="../GameUtil/bin/Debug/libGameUtil.a" />
				</Linker>
				<ExtraCommands>
					<Add after='cmd /c copy &quot;$(PROJECT_DIR)$(TARGET_OUTPUT_FILE)&quot; &quot;$(PROJECT_DIR)..\Client\bin\$(TARGET_NAME)&quot;' />
				</ExtraCommands>
			</Target>
			<Target title="Release">
				<Option output="bin/Release/GameGui" prefix_auto="1" extension_auto="1" />
				<Option object_output="obj/Release/" />
				<Option type="3" />
				<Option compiler="gcc" />
				<Option createDefFile="1" />
				<Option createStaticLib="1" />
				<Compiler>
					<Add option="-O2" />
					<Add option="-Wall" />
					<Add option="-DBUILD_DLL" />
					<Add option="-DWINDOWS" />
				</Compiler>
				<Linker>
					<Add option="-s" />
					<Add library="user32" />
					<Add library="../allegro/lib/liballegro_monolith.dll.a" />
					<Add library="../GameUtil/bin/Release/libGameUtil.a" />
				</Linker>
				<ExtraCommands>
					<Add after='cmd /c copy &quot;$(PROJECT_DIR)$(TARGET_OUTPUT_FILE)&quot; &quot;$(PROJECT_DIR)..\Client\bin\$(TARGET_NAME)&quot;' />
				</ExtraCommands>
			</Target>
			<Target title="Linux">
				<Option output="bin/Linux/GameGui" imp_lib="$(TARGET_OUTPUT_DIR)$(TARGET_OUTPUT_BASENAME).a" def_file="$(TARGET_OUTPUT_DIR)$(TARGET_OUTPUT_BASENAME).def" prefix_auto="1" extension_auto="1" />
				<Option type="3" />
				<Option compiler="gcc" />
				<Option createDefFile="1" />
				<Option createStaticLib="1" />
				<Compiler>
					<Add option="-Wall" />
					<Add option="-std=c11" />
					<Add option="-fPIC" />
					<Add option="-m64" />
					<Add option="-DLINUX" />
				</Compiler>
				<Linker>
					<Add option="-m64" />
					<Add library="/usr/lib/liballegro_main.so" />
				</Linker>
				<ExtraCommands>
					<Add after="mkdir -p ../Client/bin/Linux/" />
					<Add after="cp bin/Linux/libGameGui.so ../Client/bin/Linux/libGameGui.so" />
					<Mode after="always" />
				</ExtraCommands>
			</Target>
		</Build>
		<Compiler>
			<Add option="-Wnon-virtual-dtor" />
			<Add option="-Winit-self" />
			<Add option="-Wredundant-decls" />
			<Add option="-Wall" />
			<Add option="-std=c++11" />
			<Add directory=".." />
			<Add directory="../allegro/include" />
		</Compiler>
		<Unit filename="color3.hpp" />
		<Unit filename="guibase.cpp" />
		<Unit filename="guibase.hpp" />
		<Unit filename="guibutton.cpp" />
		<Unit filename="guibutton.hpp" />
		<Unit filename="guiframe.cpp" />
		<Unit filename="guiframe.hpp" />
		<Unit filename="guiimagebutton.cpp" />
		<Unit filename="guiimagebutton.hpp" />
		<Unit filename="guiimageelement.cpp" />
		<Unit filename="guiimageelement.hpp" />
		<Unit filename="guiimagelabel.cpp" />
		<Unit filename="guiimagelabel.hpp" />
		<Unit filename="guilabel.cpp" />
		<Unit filename="guilabel.hpp" />
		<Unit filename="guiobject.cpp" />
		<Unit filename="guiobject.hpp" />
		<Unit filename="guipasswordtextbox.cpp" />
		<Unit filename="guipasswordtextbox.hpp" />
		<Unit filename="guiscreen.cpp" />
		<Unit filename="guiscreen.hpp" />
		<Unit filename="guiselectionservice.cpp" />
		<Unit filename="guiselectionservice.hpp" />
		<Unit filename="guitextbox.cpp" />
		<Unit filename="guitextbox.hpp" />
		<Unit filename="guitextbutton.cpp" />
		<Unit filename="guitextbutton.hpp" />
		<Unit filename="guitextelement.cpp" />
		<Unit filename="guitextelement.hpp" />
		<Unit filename="guitextlabel.cpp" />
		<Unit filename="guitextlabel.hpp" />
		<Unit filename="main.cpp" />
		<Unit filename="main.h" />
		<Unit filename="observer.hpp" />
		<Extensions />
	</Project>
</CodeBlocks_project_file>
